
Microsoft Visual Studio Solution File, Format Version 12.00
# Visual Studio 2012
Project("{FAE04EC0-301F-11D3-BF4B-00C04F79EFBC}") = "Siaqodb.PCL.Portable", "Siaqodb.PCL.Portable\Siaqodb.PCL.Portable.csproj", "{820439F3-FB58-421A-9013-97DECF62A7C7}"
EndProject
Project("{FAE04EC0-301F-11D3-BF4B-00C04F79EFBC}") = "Siaqodb.PCL.iOS", "Siaqodb.PCL.iOS\Siaqodb.PCL.iOS.csproj", "{4CC249F9-8CE3-4208-8A20-AE5BAAAE1626}"
EndProject
Project("{FAE04EC0-301F-11D3-BF4B-00C04F79EFBC}") = "Siaqodb.PCL.Android", "Siaqodb.PCL.Android\Siaqodb.PCL.Android.csproj", "{0A299397-AE69-4B07-816A-320997AE5E9B}"
EndProject
Project("{FAE04EC0-301F-11D3-BF4B-00C04F79EFBC}") = "Siaqodb.PCL.WP71", "Siaqodb.PCL.WP71\Siaqodb.PCL.WP71.csproj", "{533DFE2E-48A0-4DE2-97C9-901B5F990B74}"
EndProject
Project("{FAE04EC0-301F-11D3-BF4B-00C04F79EFBC}") = "Siaqodb.PCL.WP8", "Siaqodb.PCL.WP8\Siaqodb.PCL.WP8.csproj", "{0A7BC303-0538-420E-AA9B-D0058D211E01}"
EndProject
Project("{FAE04EC0-301F-11D3-BF4B-00C04F79EFBC}") = "Siaqodb.PCL.WinRT", "Siaqodb.PCL.WinRT\Siaqodb.PCL.WinRT.csproj", "{2F032311-1C31-4F43-A767-0DF0EFE5514D}"
EndProject
Project("{FAE04EC0-301F-11D3-BF4B-00C04F79EFBC}") = "Siaqodb.PCL.NET40", "Siaqodb.PCL.NET40\Siaqodb.PCL.NET40.csproj", "{40AEC54C-ADD9-451B-B853-816F05647909}"
EndProject
Project("{FAE04EC0-301F-11D3-BF4B-00C04F79EFBC}") = "Siaqodb.PCL.Silverlight", "Siaqodb.PCL.Silverlight\Siaqodb.PCL.Silverlight.csproj", "{5455F34B-1E2F-40E8-A18F-C94AC5B9DB0D}"
EndProject
Global
	GlobalSection(SolutionConfigurationPlatforms) = preSolution
		Ad-Hoc|Any CPU = Ad-Hoc|Any CPU
		Ad-Hoc|ARM = Ad-Hoc|ARM
		Ad-Hoc|iPhone = Ad-Hoc|iPhone
		Ad-Hoc|iPhoneSimulator = Ad-Hoc|iPhoneSimulator
		Ad-Hoc|Mixed Platforms = Ad-Hoc|Mixed Platforms
		Ad-Hoc|x64 = Ad-Hoc|x64
		Ad-Hoc|x86 = Ad-Hoc|x86
		AppStore|Any CPU = AppStore|Any CPU
		AppStore|ARM = AppStore|ARM
		AppStore|iPhone = AppStore|iPhone
		AppStore|iPhoneSimulator = AppStore|iPhoneSimulator
		AppStore|Mixed Platforms = AppStore|Mixed Platforms
		AppStore|x64 = AppStore|x64
		AppStore|x86 = AppStore|x86
		Debug|Any CPU = Debug|Any CPU
		Debug|ARM = Debug|ARM
		Debug|iPhone = Debug|iPhone
		Debug|iPhoneSimulator = Debug|iPhoneSimulator
		Debug|Mixed Platforms = Debug|Mixed Platforms
		Debug|x64 = Debug|x64
		Debug|x86 = Debug|x86
		Release|Any CPU = Release|Any CPU
		Release|ARM = Release|ARM
		Release|iPhone = Release|iPhone
		Release|iPhoneSimulator = Release|iPhoneSimulator
		Release|Mixed Platforms = Release|Mixed Platforms
		Release|x64 = Release|x64
		Release|x86 = Release|x86
	EndGlobalSection
	GlobalSection(ProjectConfigurationPlatforms) = postSolution
		{820439F3-FB58-421A-9013-97DECF62A7C7}.Ad-Hoc|Any CPU.ActiveCfg = Release|Any CPU
		{820439F3-FB58-421A-9013-97DECF62A7C7}.Ad-Hoc|Any CPU.Build.0 = Release|Any CPU
		{820439F3-FB58-421A-9013-97DECF62A7C7}.Ad-Hoc|ARM.ActiveCfg = Release|Any CPU
		{820439F3-FB58-421A-9013-97DECF62A7C7}.Ad-Hoc|iPhone.ActiveCfg = Release|Any CPU
		{820439F3-FB58-421A-9013-97DECF62A7C7}.Ad-Hoc|iPhoneSimulator.ActiveCfg = Release|Any CPU
		{820439F3-FB58-421A-9013-97DECF62A7C7}.Ad-Hoc|Mixed Platforms.ActiveCfg = Release|Any CPU
		{820439F3-FB58-421A-9013-97DECF62A7C7}.Ad-Hoc|Mixed Platforms.Build.0 = Release|Any CPU
		{820439F3-FB58-421A-9013-97DECF62A7C7}.Ad-Hoc|x64.ActiveCfg = Release|Any CPU
		{820439F3-FB58-421A-9013-97DECF62A7C7}.Ad-Hoc|x86.ActiveCfg = Release|Any CPU
		{820439F3-FB58-421A-9013-97DECF62A7C7}.AppStore|Any CPU.ActiveCfg = Release|Any CPU
		{820439F3-FB58-421A-9013-97DECF62A7C7}.AppStore|Any CPU.Build.0 = Release|Any CPU
		{820439F3-FB58-421A-9013-97DECF62A7C7}.AppStore|ARM.ActiveCfg = Release|Any CPU
		{820439F3-FB58-421A-9013-97DECF62A7C7}.AppStore|iPhone.ActiveCfg = Release|Any CPU
		{820439F3-FB58-421A-9013-97DECF62A7C7}.AppStore|iPhoneSimulator.ActiveCfg = Release|Any CPU
		{820439F3-FB58-421A-9013-97DECF62A7C7}.AppStore|Mixed Platforms.ActiveCfg = Release|Any CPU
		{820439F3-FB58-421A-9013-97DECF62A7C7}.AppStore|Mixed Platforms.Build.0 = Release|Any CPU
		{820439F3-FB58-421A-9013-97DECF62A7C7}.AppStore|x64.ActiveCfg = Release|Any CPU
		{820439F3-FB58-421A-9013-97DECF62A7C7}.AppStore|x86.ActiveCfg = Release|Any CPU
		{820439F3-FB58-421A-9013-97DECF62A7C7}.Debug|Any CPU.ActiveCfg = Debug|Any CPU
		{820439F3-FB58-421A-9013-97DECF62A7C7}.Debug|Any CPU.Build.0 = Debug|Any CPU
		{820439F3-FB58-421A-9013-97DECF62A7C7}.Debug|ARM.ActiveCfg = Debug|Any CPU
		{820439F3-FB58-421A-9013-97DECF62A7C7}.Debug|iPhone.ActiveCfg = Debug|Any CPU
		{820439F3-FB58-421A-9013-97DECF62A7C7}.Debug|iPhoneSimulator.ActiveCfg = Debug|Any CPU
		{820439F3-FB58-421A-9013-97DECF62A7C7}.Debug|Mixed Platforms.ActiveCfg = Debug|Any CPU
		{820439F3-FB58-421A-9013-97DECF62A7C7}.Debug|Mixed Platforms.Build.0 = Debug|Any CPU
		{820439F3-FB58-421A-9013-97DECF62A7C7}.Debug|x64.ActiveCfg = Debug|Any CPU
		{820439F3-FB58-421A-9013-97DECF62A7C7}.Debug|x86.ActiveCfg = Debug|Any CPU
		{820439F3-FB58-421A-9013-97DECF62A7C7}.Release|Any CPU.ActiveCfg = Release|Any CPU
		{820439F3-FB58-421A-9013-97DECF62A7C7}.Release|Any CPU.Build.0 = Release|Any CPU
		{820439F3-FB58-421A-9013-97DECF62A7C7}.Release|ARM.ActiveCfg = Release|Any CPU
		{820439F3-FB58-421A-9013-97DECF62A7C7}.Release|iPhone.ActiveCfg = Release|Any CPU
		{820439F3-FB58-421A-9013-97DECF62A7C7}.Release|iPhoneSimulator.ActiveCfg = Release|Any CPU
		{820439F3-FB58-421A-9013-97DECF62A7C7}.Release|Mixed Platforms.ActiveCfg = Release|Any CPU
		{820439F3-FB58-421A-9013-97DECF62A7C7}.Release|Mixed Platforms.Build.0 = Release|Any CPU
		{820439F3-FB58-421A-9013-97DECF62A7C7}.Release|x64.ActiveCfg = Release|Any CPU
		{820439F3-FB58-421A-9013-97DECF62A7C7}.Release|x86.ActiveCfg = Release|Any CPU
		{4CC249F9-8CE3-4208-8A20-AE5BAAAE1626}.Ad-Hoc|Any CPU.ActiveCfg = Ad-Hoc|iPhone
		{4CC249F9-8CE3-4208-8A20-AE5BAAAE1626}.Ad-Hoc|ARM.ActiveCfg = Ad-Hoc|iPhone
		{4CC249F9-8CE3-4208-8A20-AE5BAAAE1626}.Ad-Hoc|iPhone.ActiveCfg = Ad-Hoc|iPhone
		{4CC249F9-8CE3-4208-8A20-AE5BAAAE1626}.Ad-Hoc|iPhone.Build.0 = Ad-Hoc|iPhone
		{4CC249F9-8CE3-4208-8A20-AE5BAAAE1626}.Ad-Hoc|iPhoneSimulator.ActiveCfg = Ad-Hoc|iPhoneSimulator
		{4CC249F9-8CE3-4208-8A20-AE5BAAAE1626}.Ad-Hoc|iPhoneSimulator.Build.0 = Ad-Hoc|iPhoneSimulator
		{4CC249F9-8CE3-4208-8A20-AE5BAAAE1626}.Ad-Hoc|Mixed Platforms.ActiveCfg = Ad-Hoc|iPhone
		{4CC249F9-8CE3-4208-8A20-AE5BAAAE1626}.Ad-Hoc|Mixed Platforms.Build.0 = Ad-Hoc|iPhone
		{4CC249F9-8CE3-4208-8A20-AE5BAAAE1626}.Ad-Hoc|x64.ActiveCfg = Ad-Hoc|iPhone
		{4CC249F9-8CE3-4208-8A20-AE5BAAAE1626}.Ad-Hoc|x86.ActiveCfg = Ad-Hoc|iPhone
		{4CC249F9-8CE3-4208-8A20-AE5BAAAE1626}.AppStore|Any CPU.ActiveCfg = AppStore|iPhone
		{4CC249F9-8CE3-4208-8A20-AE5BAAAE1626}.AppStore|ARM.ActiveCfg = AppStore|iPhone
		{4CC249F9-8CE3-4208-8A20-AE5BAAAE1626}.AppStore|iPhone.ActiveCfg = AppStore|iPhone
		{4CC249F9-8CE3-4208-8A20-AE5BAAAE1626}.AppStore|iPhone.Build.0 = AppStore|iPhone
		{4CC249F9-8CE3-4208-8A20-AE5BAAAE1626}.AppStore|iPhoneSimulator.ActiveCfg = AppStore|iPhoneSimulator
		{4CC249F9-8CE3-4208-8A20-AE5BAAAE1626}.AppStore|iPhoneSimulator.Build.0 = AppStore|iPhoneSimulator
		{4CC249F9-8CE3-4208-8A20-AE5BAAAE1626}.AppStore|Mixed Platforms.ActiveCfg = AppStore|iPhone
		{4CC249F9-8CE3-4208-8A20-AE5BAAAE1626}.AppStore|Mixed Platforms.Build.0 = AppStore|iPhone
		{4CC249F9-8CE3-4208-8A20-AE5BAAAE1626}.AppStore|x64.ActiveCfg = AppStore|iPhone
		{4CC249F9-8CE3-4208-8A20-AE5BAAAE1626}.AppStore|x86.ActiveCfg = AppStore|iPhone
		{4CC249F9-8CE3-4208-8A20-AE5BAAAE1626}.Debug|Any CPU.ActiveCfg = Debug|iPhone
		{4CC249F9-8CE3-4208-8A20-AE5BAAAE1626}.Debug|ARM.ActiveCfg = Debug|iPhone
		{4CC249F9-8CE3-4208-8A20-AE5BAAAE1626}.Debug|iPhone.ActiveCfg = Debug|iPhone
		{4CC249F9-8CE3-4208-8A20-AE5BAAAE1626}.Debug|iPhone.Build.0 = Debug|iPhone
		{4CC249F9-8CE3-4208-8A20-AE5BAAAE1626}.Debug|iPhoneSimulator.ActiveCfg = Debug|iPhoneSimulator
		{4CC249F9-8CE3-4208-8A20-AE5BAAAE1626}.Debug|iPhoneSimulator.Build.0 = Debug|iPhoneSimulator
		{4CC249F9-8CE3-4208-8A20-AE5BAAAE1626}.Debug|Mixed Platforms.ActiveCfg = Debug|iPhone
		{4CC249F9-8CE3-4208-8A20-AE5BAAAE1626}.Debug|Mixed Platforms.Build.0 = Debug|iPhone
		{4CC249F9-8CE3-4208-8A20-AE5BAAAE1626}.Debug|x64.ActiveCfg = Debug|iPhone
		{4CC249F9-8CE3-4208-8A20-AE5BAAAE1626}.Debug|x86.ActiveCfg = Debug|iPhone
		{4CC249F9-8CE3-4208-8A20-AE5BAAAE1626}.Release|Any CPU.ActiveCfg = Release|iPhone
		{4CC249F9-8CE3-4208-8A20-AE5BAAAE1626}.Release|ARM.ActiveCfg = Release|iPhone
		{4CC249F9-8CE3-4208-8A20-AE5BAAAE1626}.Release|iPhone.ActiveCfg = Release|iPhone
		{4CC249F9-8CE3-4208-8A20-AE5BAAAE1626}.Release|iPhone.Build.0 = Release|iPhone
		{4CC249F9-8CE3-4208-8A20-AE5BAAAE1626}.Release|iPhoneSimulator.ActiveCfg = Release|iPhoneSimulator
		{4CC249F9-8CE3-4208-8A20-AE5BAAAE1626}.Release|iPhoneSimulator.Build.0 = Release|iPhoneSimulator
		{4CC249F9-8CE3-4208-8A20-AE5BAAAE1626}.Release|Mixed Platforms.ActiveCfg = Release|iPhone
		{4CC249F9-8CE3-4208-8A20-AE5BAAAE1626}.Release|Mixed Platforms.Build.0 = Release|iPhone
		{4CC249F9-8CE3-4208-8A20-AE5BAAAE1626}.Release|x64.ActiveCfg = Release|iPhone
		{4CC249F9-8CE3-4208-8A20-AE5BAAAE1626}.Release|x86.ActiveCfg = Release|iPhone
		{0A299397-AE69-4B07-816A-320997AE5E9B}.Ad-Hoc|Any CPU.ActiveCfg = Release|Any CPU
		{0A299397-AE69-4B07-816A-320997AE5E9B}.Ad-Hoc|Any CPU.Build.0 = Release|Any CPU
		{0A299397-AE69-4B07-816A-320997AE5E9B}.Ad-Hoc|ARM.ActiveCfg = Release|Any CPU
		{0A299397-AE69-4B07-816A-320997AE5E9B}.Ad-Hoc|iPhone.ActiveCfg = Release|Any CPU
		{0A299397-AE69-4B07-816A-320997AE5E9B}.Ad-Hoc|iPhoneSimulator.ActiveCfg = Release|Any CPU
		{0A299397-AE69-4B07-816A-320997AE5E9B}.Ad-Hoc|Mixed Platforms.ActiveCfg = Release|Any CPU
		{0A299397-AE69-4B07-816A-320997AE5E9B}.Ad-Hoc|Mixed Platforms.Build.0 = Release|Any CPU
		{0A299397-AE69-4B07-816A-320997AE5E9B}.Ad-Hoc|x64.ActiveCfg = Release|Any CPU
		{0A299397-AE69-4B07-816A-320997AE5E9B}.Ad-Hoc|x86.ActiveCfg = Release|Any CPU
		{0A299397-AE69-4B07-816A-320997AE5E9B}.AppStore|Any CPU.ActiveCfg = Release|Any CPU
		{0A299397-AE69-4B07-816A-320997AE5E9B}.AppStore|Any CPU.Build.0 = Release|Any CPU
		{0A299397-AE69-4B07-816A-320997AE5E9B}.AppStore|ARM.ActiveCfg = Release|Any CPU
		{0A299397-AE69-4B07-816A-320997AE5E9B}.AppStore|iPhone.ActiveCfg = Release|Any CPU
		{0A299397-AE69-4B07-816A-320997AE5E9B}.AppStore|iPhoneSimulator.ActiveCfg = Release|Any CPU
		{0A299397-AE69-4B07-816A-320997AE5E9B}.AppStore|Mixed Platforms.ActiveCfg = Release|Any CPU
		{0A299397-AE69-4B07-816A-320997AE5E9B}.AppStore|Mixed Platforms.Build.0 = Release|Any CPU
		{0A299397-AE69-4B07-816A-320997AE5E9B}.AppStore|x64.ActiveCfg = Release|Any CPU
		{0A299397-AE69-4B07-816A-320997AE5E9B}.AppStore|x86.ActiveCfg = Release|Any CPU
		{0A299397-AE69-4B07-816A-320997AE5E9B}.Debug|Any CPU.ActiveCfg = Debug|Any CPU
		{0A299397-AE69-4B07-816A-320997AE5E9B}.Debug|Any CPU.Build.0 = Debug|Any CPU
		{0A299397-AE69-4B07-816A-320997AE5E9B}.Debug|ARM.ActiveCfg = Debug|Any CPU
		{0A299397-AE69-4B07-816A-320997AE5E9B}.Debug|iPhone.ActiveCfg = Debug|Any CPU
		{0A299397-AE69-4B07-816A-320997AE5E9B}.Debug|iPhoneSimulator.ActiveCfg = Debug|Any CPU
		{0A299397-AE69-4B07-816A-320997AE5E9B}.Debug|Mixed Platforms.ActiveCfg = Debug|Any CPU
		{0A299397-AE69-4B07-816A-320997AE5E9B}.Debug|Mixed Platforms.Build.0 = Debug|Any CPU
		{0A299397-AE69-4B07-816A-320997AE5E9B}.Debug|x64.ActiveCfg = Debug|Any CPU
		{0A299397-AE69-4B07-816A-320997AE5E9B}.Debug|x86.ActiveCfg = Debug|Any CPU
		{0A299397-AE69-4B07-816A-320997AE5E9B}.Release|Any CPU.ActiveCfg = Release|Any CPU
		{0A299397-AE69-4B07-816A-320997AE5E9B}.Release|Any CPU.Build.0 = Release|Any CPU
		{0A299397-AE69-4B07-816A-320997AE5E9B}.Release|ARM.ActiveCfg = Release|Any CPU
		{0A299397-AE69-4B07-816A-320997AE5E9B}.Release|iPhone.ActiveCfg = Release|Any CPU
		{0A299397-AE69-4B07-816A-320997AE5E9B}.Release|iPhoneSimulator.ActiveCfg = Release|Any CPU
		{0A299397-AE69-4B07-816A-320997AE5E9B}.Release|Mixed Platforms.ActiveCfg = Release|Any CPU
		{0A299397-AE69-4B07-816A-320997AE5E9B}.Release|Mixed Platforms.Build.0 = Release|Any CPU
		{0A299397-AE69-4B07-816A-320997AE5E9B}.Release|x64.ActiveCfg = Release|Any CPU
		{0A299397-AE69-4B07-816A-320997AE5E9B}.Release|x86.ActiveCfg = Release|Any CPU
		{533DFE2E-48A0-4DE2-97C9-901B5F990B74}.Ad-Hoc|Any CPU.ActiveCfg = Release|Any CPU
		{533DFE2E-48A0-4DE2-97C9-901B5F990B74}.Ad-Hoc|Any CPU.Build.0 = Release|Any CPU
		{533DFE2E-48A0-4DE2-97C9-901B5F990B74}.Ad-Hoc|ARM.ActiveCfg = Release|Any CPU
		{533DFE2E-48A0-4DE2-97C9-901B5F990B74}.Ad-Hoc|iPhone.ActiveCfg = Release|Any CPU
		{533DFE2E-48A0-4DE2-97C9-901B5F990B74}.Ad-Hoc|iPhoneSimulator.ActiveCfg = Release|Any CPU
		{533DFE2E-48A0-4DE2-97C9-901B5F990B74}.Ad-Hoc|Mixed Platforms.ActiveCfg = Release|Any CPU
		{533DFE2E-48A0-4DE2-97C9-901B5F990B74}.Ad-Hoc|Mixed Platforms.Build.0 = Release|Any CPU
		{533DFE2E-48A0-4DE2-97C9-901B5F990B74}.Ad-Hoc|x64.ActiveCfg = Release|Any CPU
		{533DFE2E-48A0-4DE2-97C9-901B5F990B74}.Ad-Hoc|x86.ActiveCfg = Release|Any CPU
		{533DFE2E-48A0-4DE2-97C9-901B5F990B74}.AppStore|Any CPU.ActiveCfg = Release|Any CPU
		{533DFE2E-48A0-4DE2-97C9-901B5F990B74}.AppStore|Any CPU.Build.0 = Release|Any CPU
		{533DFE2E-48A0-4DE2-97C9-901B5F990B74}.AppStore|ARM.ActiveCfg = Release|Any CPU
		{533DFE2E-48A0-4DE2-97C9-901B5F990B74}.AppStore|iPhone.ActiveCfg = Release|Any CPU
		{533DFE2E-48A0-4DE2-97C9-901B5F990B74}.AppStore|iPhoneSimulator.ActiveCfg = Release|Any CPU
		{533DFE2E-48A0-4DE2-97C9-901B5F990B74}.AppStore|Mixed Platforms.ActiveCfg = Release|Any CPU
		{533DFE2E-48A0-4DE2-97C9-901B5F990B74}.AppStore|Mixed Platforms.Build.0 = Release|Any CPU
		{533DFE2E-48A0-4DE2-97C9-901B5F990B74}.AppStore|x64.ActiveCfg = Release|Any CPU
		{533DFE2E-48A0-4DE2-97C9-901B5F990B74}.AppStore|x86.ActiveCfg = Release|Any CPU
		{533DFE2E-48A0-4DE2-97C9-901B5F990B74}.Debug|Any CPU.ActiveCfg = Debug|Any CPU
		{533DFE2E-48A0-4DE2-97C9-901B5F990B74}.Debug|Any CPU.Build.0 = Debug|Any CPU
		{533DFE2E-48A0-4DE2-97C9-901B5F990B74}.Debug|ARM.ActiveCfg = Debug|Any CPU
		{533DFE2E-48A0-4DE2-97C9-901B5F990B74}.Debug|iPhone.ActiveCfg = Debug|Any CPU
		{533DFE2E-48A0-4DE2-97C9-901B5F990B74}.Debug|iPhoneSimulator.ActiveCfg = Debug|Any CPU
		{533DFE2E-48A0-4DE2-97C9-901B5F990B74}.Debug|Mixed Platforms.ActiveCfg = Debug|Any CPU
		{533DFE2E-48A0-4DE2-97C9-901B5F990B74}.Debug|Mixed Platforms.Build.0 = Debug|Any CPU
		{533DFE2E-48A0-4DE2-97C9-901B5F990B74}.Debug|x64.ActiveCfg = Debug|Any CPU
		{533DFE2E-48A0-4DE2-97C9-901B5F990B74}.Debug|x86.ActiveCfg = Debug|Any CPU
		{533DFE2E-48A0-4DE2-97C9-901B5F990B74}.Release|Any CPU.ActiveCfg = Release|Any CPU
		{533DFE2E-48A0-4DE2-97C9-901B5F990B74}.Release|Any CPU.Build.0 = Release|Any CPU
		{533DFE2E-48A0-4DE2-97C9-901B5F990B74}.Release|ARM.ActiveCfg = Release|Any CPU
		{533DFE2E-48A0-4DE2-97C9-901B5F990B74}.Release|iPhone.ActiveCfg = Release|Any CPU
		{533DFE2E-48A0-4DE2-97C9-901B5F990B74}.Release|iPhoneSimulator.ActiveCfg = Release|Any CPU
		{533DFE2E-48A0-4DE2-97C9-901B5F990B74}.Release|Mixed Platforms.ActiveCfg = Release|Any CPU
		{533DFE2E-48A0-4DE2-97C9-901B5F990B74}.Release|Mixed Platforms.Build.0 = Release|Any CPU
		{533DFE2E-48A0-4DE2-97C9-901B5F990B74}.Release|x64.ActiveCfg = Release|Any CPU
		{533DFE2E-48A0-4DE2-97C9-901B5F990B74}.Release|x86.ActiveCfg = Release|Any CPU
		{0A7BC303-0538-420E-AA9B-D0058D211E01}.Ad-Hoc|Any CPU.ActiveCfg = Release|Any CPU
		{0A7BC303-0538-420E-AA9B-D0058D211E01}.Ad-Hoc|Any CPU.Build.0 = Release|Any CPU
		{0A7BC303-0538-420E-AA9B-D0058D211E01}.Ad-Hoc|ARM.ActiveCfg = Release|ARM
		{0A7BC303-0538-420E-AA9B-D0058D211E01}.Ad-Hoc|ARM.Build.0 = Release|ARM
		{0A7BC303-0538-420E-AA9B-D0058D211E01}.Ad-Hoc|iPhone.ActiveCfg = Release|Any CPU
		{0A7BC303-0538-420E-AA9B-D0058D211E01}.Ad-Hoc|iPhoneSimulator.ActiveCfg = Release|Any CPU
		{0A7BC303-0538-420E-AA9B-D0058D211E01}.Ad-Hoc|Mixed Platforms.ActiveCfg = Release|x86
		{0A7BC303-0538-420E-AA9B-D0058D211E01}.Ad-Hoc|Mixed Platforms.Build.0 = Release|x86
		{0A7BC303-0538-420E-AA9B-D0058D211E01}.Ad-Hoc|x64.ActiveCfg = Release|Any CPU
		{0A7BC303-0538-420E-AA9B-D0058D211E01}.Ad-Hoc|x86.ActiveCfg = Release|x86
		{0A7BC303-0538-420E-AA9B-D0058D211E01}.Ad-Hoc|x86.Build.0 = Release|x86
		{0A7BC303-0538-420E-AA9B-D0058D211E01}.AppStore|Any CPU.ActiveCfg = Release|Any CPU
		{0A7BC303-0538-420E-AA9B-D0058D211E01}.AppStore|Any CPU.Build.0 = Release|Any CPU
		{0A7BC303-0538-420E-AA9B-D0058D211E01}.AppStore|ARM.ActiveCfg = Release|ARM
		{0A7BC303-0538-420E-AA9B-D0058D211E01}.AppStore|ARM.Build.0 = Release|ARM
		{0A7BC303-0538-420E-AA9B-D0058D211E01}.AppStore|iPhone.ActiveCfg = Release|Any CPU
		{0A7BC303-0538-420E-AA9B-D0058D211E01}.AppStore|iPhoneSimulator.ActiveCfg = Release|Any CPU
		{0A7BC303-0538-420E-AA9B-D0058D211E01}.AppStore|Mixed Platforms.ActiveCfg = Release|x86
		{0A7BC303-0538-420E-AA9B-D0058D211E01}.AppStore|Mixed Platforms.Build.0 = Release|x86
		{0A7BC303-0538-420E-AA9B-D0058D211E01}.AppStore|x64.ActiveCfg = Release|Any CPU
		{0A7BC303-0538-420E-AA9B-D0058D211E01}.AppStore|x86.ActiveCfg = Release|x86
		{0A7BC303-0538-420E-AA9B-D0058D211E01}.AppStore|x86.Build.0 = Release|x86
		{0A7BC303-0538-420E-AA9B-D0058D211E01}.Debug|Any CPU.ActiveCfg = Debug|Any CPU
		{0A7BC303-0538-420E-AA9B-D0058D211E01}.Debug|Any CPU.Build.0 = Debug|Any CPU
		{0A7BC303-0538-420E-AA9B-D0058D211E01}.Debug|ARM.ActiveCfg = Debug|ARM
		{0A7BC303-0538-420E-AA9B-D0058D211E01}.Debug|ARM.Build.0 = Debug|ARM
		{0A7BC303-0538-420E-AA9B-D0058D211E01}.Debug|iPhone.ActiveCfg = Debug|Any CPU
		{0A7BC303-0538-420E-AA9B-D0058D211E01}.Debug|iPhoneSimulator.ActiveCfg = Debug|Any CPU
		{0A7BC303-0538-420E-AA9B-D0058D211E01}.Debug|Mixed Platforms.ActiveCfg = Debug|x86
		{0A7BC303-0538-420E-AA9B-D0058D211E01}.Debug|Mixed Platforms.Build.0 = Debug|x86
		{0A7BC303-0538-420E-AA9B-D0058D211E01}.Debug|x64.ActiveCfg = Debug|Any CPU
		{0A7BC303-0538-420E-AA9B-D0058D211E01}.Debug|x86.ActiveCfg = Debug|x86
		{0A7BC303-0538-420E-AA9B-D0058D211E01}.Debug|x86.Build.0 = Debug|x86
		{0A7BC303-0538-420E-AA9B-D0058D211E01}.Release|Any CPU.ActiveCfg = Release|Any CPU
		{0A7BC303-0538-420E-AA9B-D0058D211E01}.Release|Any CPU.Build.0 = Release|Any CPU
		{0A7BC303-0538-420E-AA9B-D0058D211E01}.Release|ARM.ActiveCfg = Release|ARM
		{0A7BC303-0538-420E-AA9B-D0058D211E01}.Release|ARM.Build.0 = Release|ARM
		{0A7BC303-0538-420E-AA9B-D0058D211E01}.Release|iPhone.ActiveCfg = Release|Any CPU
		{0A7BC303-0538-420E-AA9B-D0058D211E01}.Release|iPhoneSimulator.ActiveCfg = Release|Any CPU
		{0A7BC303-0538-420E-AA9B-D0058D211E01}.Release|Mixed Platforms.ActiveCfg = Release|x86
		{0A7BC303-0538-420E-AA9B-D0058D211E01}.Release|Mixed Platforms.Build.0 = Release|x86
		{0A7BC303-0538-420E-AA9B-D0058D211E01}.Release|x64.ActiveCfg = Release|Any CPU
		{0A7BC303-0538-420E-AA9B-D0058D211E01}.Release|x86.ActiveCfg = Release|x86
		{0A7BC303-0538-420E-AA9B-D0058D211E01}.Release|x86.Build.0 = Release|x86
		{2F032311-1C31-4F43-A767-0DF0EFE5514D}.Ad-Hoc|Any CPU.ActiveCfg = Release|Any CPU
		{2F032311-1C31-4F43-A767-0DF0EFE5514D}.Ad-Hoc|Any CPU.Build.0 = Release|Any CPU
		{2F032311-1C31-4F43-A767-0DF0EFE5514D}.Ad-Hoc|ARM.ActiveCfg = Release|ARM
		{2F032311-1C31-4F43-A767-0DF0EFE5514D}.Ad-Hoc|ARM.Build.0 = Release|ARM
		{2F032311-1C31-4F43-A767-0DF0EFE5514D}.Ad-Hoc|iPhone.ActiveCfg = Release|Any CPU
		{2F032311-1C31-4F43-A767-0DF0EFE5514D}.Ad-Hoc|iPhoneSimulator.ActiveCfg = Release|Any CPU
		{2F032311-1C31-4F43-A767-0DF0EFE5514D}.Ad-Hoc|Mixed Platforms.ActiveCfg = Release|x86
		{2F032311-1C31-4F43-A767-0DF0EFE5514D}.Ad-Hoc|Mixed Platforms.Build.0 = Release|x86
		{2F032311-1C31-4F43-A767-0DF0EFE5514D}.Ad-Hoc|x64.ActiveCfg = Release|x64
		{2F032311-1C31-4F43-A767-0DF0EFE5514D}.Ad-Hoc|x64.Build.0 = Release|x64
		{2F032311-1C31-4F43-A767-0DF0EFE5514D}.Ad-Hoc|x86.ActiveCfg = Release|x86
		{2F032311-1C31-4F43-A767-0DF0EFE5514D}.Ad-Hoc|x86.Build.0 = Release|x86
		{2F032311-1C31-4F43-A767-0DF0EFE5514D}.AppStore|Any CPU.ActiveCfg = Release|Any CPU
		{2F032311-1C31-4F43-A767-0DF0EFE5514D}.AppStore|Any CPU.Build.0 = Release|Any CPU
		{2F032311-1C31-4F43-A767-0DF0EFE5514D}.AppStore|ARM.ActiveCfg = Release|ARM
		{2F032311-1C31-4F43-A767-0DF0EFE5514D}.AppStore|ARM.Build.0 = Release|ARM
		{2F032311-1C31-4F43-A767-0DF0EFE5514D}.AppStore|iPhone.ActiveCfg = Release|Any CPU
		{2F032311-1C31-4F43-A767-0DF0EFE5514D}.AppStore|iPhoneSimulator.ActiveCfg = Release|Any CPU
		{2F032311-1C31-4F43-A767-0DF0EFE5514D}.AppStore|Mixed Platforms.ActiveCfg = Release|x86
		{2F032311-1C31-4F43-A767-0DF0EFE5514D}.AppStore|Mixed Platforms.Build.0 = Release|x86
		{2F032311-1C31-4F43-A767-0DF0EFE5514D}.AppStore|x64.ActiveCfg = Release|x64
		{2F032311-1C31-4F43-A767-0DF0EFE5514D}.AppStore|x64.Build.0 = Release|x64
		{2F032311-1C31-4F43-A767-0DF0EFE5514D}.AppStore|x86.ActiveCfg = Release|x86
		{2F032311-1C31-4F43-A767-0DF0EFE5514D}.AppStore|x86.Build.0 = Release|x86
		{2F032311-1C31-4F43-A767-0DF0EFE5514D}.Debug|Any CPU.ActiveCfg = Debug|Any CPU
		{2F032311-1C31-4F43-A767-0DF0EFE5514D}.Debug|Any CPU.Build.0 = Debug|Any CPU
		{2F032311-1C31-4F43-A767-0DF0EFE5514D}.Debug|ARM.ActiveCfg = Debug|ARM
		{2F032311-1C31-4F43-A767-0DF0EFE5514D}.Debug|ARM.Build.0 = Debug|ARM
		{2F032311-1C31-4F43-A767-0DF0EFE5514D}.Debug|iPhone.ActiveCfg = Debug|Any CPU
		{2F032311-1C31-4F43-A767-0DF0EFE5514D}.Debug|iPhoneSimulator.ActiveCfg = Debug|Any CPU
		{2F032311-1C31-4F43-A767-0DF0EFE5514D}.Debug|Mixed Platforms.ActiveCfg = Debug|x86
		{2F032311-1C31-4F43-A767-0DF0EFE5514D}.Debug|Mixed Platforms.Build.0 = Debug|x86
		{2F032311-1C31-4F43-A767-0DF0EFE5514D}.Debug|x64.ActiveCfg = Debug|x64
		{2F032311-1C31-4F43-A767-0DF0EFE5514D}.Debug|x64.Build.0 = Debug|x64
		{2F032311-1C31-4F43-A767-0DF0EFE5514D}.Debug|x86.ActiveCfg = Debug|x86
		{2F032311-1C31-4F43-A767-0DF0EFE5514D}.Debug|x86.Build.0 = Debug|x86
		{2F032311-1C31-4F43-A767-0DF0EFE5514D}.Release|Any CPU.ActiveCfg = Release|Any CPU
		{2F032311-1C31-4F43-A767-0DF0EFE5514D}.Release|Any CPU.Build.0 = Release|Any CPU
		{2F032311-1C31-4F43-A767-0DF0EFE5514D}.Release|ARM.ActiveCfg = Release|ARM
		{2F032311-1C31-4F43-A767-0DF0EFE5514D}.Release|ARM.Build.0 = Release|ARM
		{2F032311-1C31-4F43-A767-0DF0EFE5514D}.Release|iPhone.ActiveCfg = Release|Any CPU
		{2F032311-1C31-4F43-A767-0DF0EFE5514D}.Release|iPhoneSimulator.ActiveCfg = Release|Any CPU
		{2F032311-1C31-4F43-A767-0DF0EFE5514D}.Release|Mixed Platforms.ActiveCfg = Release|x86
		{2F032311-1C31-4F43-A767-0DF0EFE5514D}.Release|Mixed Platforms.Build.0 = Release|x86
		{2F032311-1C31-4F43-A767-0DF0EFE5514D}.Release|x64.ActiveCfg = Release|x64
		{2F032311-1C31-4F43-A767-0DF0EFE5514D}.Release|x64.Build.0 = Release|x64
		{2F032311-1C31-4F43-A767-0DF0EFE5514D}.Release|x86.ActiveCfg = Release|x86
		{2F032311-1C31-4F43-A767-0DF0EFE5514D}.Release|x86.Build.0 = Release|x86
		{40AEC54C-ADD9-451B-B853-816F05647909}.Ad-Hoc|Any CPU.ActiveCfg = Release|Any CPU
		{40AEC54C-ADD9-451B-B853-816F05647909}.Ad-Hoc|Any CPU.Build.0 = Release|Any CPU
		{40AEC54C-ADD9-451B-B853-816F05647909}.Ad-Hoc|ARM.ActiveCfg = Release|Any CPU
		{40AEC54C-ADD9-451B-B853-816F05647909}.Ad-Hoc|iPhone.ActiveCfg = Release|Any CPU
		{40AEC54C-ADD9-451B-B853-816F05647909}.Ad-Hoc|iPhoneSimulator.ActiveCfg = Release|Any CPU
		{40AEC54C-ADD9-451B-B853-816F05647909}.Ad-Hoc|Mixed Platforms.ActiveCfg = Release|Any CPU
		{40AEC54C-ADD9-451B-B853-816F05647909}.Ad-Hoc|Mixed Platforms.Build.0 = Release|Any CPU
		{40AEC54C-ADD9-451B-B853-816F05647909}.Ad-Hoc|x64.ActiveCfg = Release|Any CPU
		{40AEC54C-ADD9-451B-B853-816F05647909}.Ad-Hoc|x86.ActiveCfg = Release|Any CPU
		{40AEC54C-ADD9-451B-B853-816F05647909}.AppStore|Any CPU.ActiveCfg = Release|Any CPU
		{40AEC54C-ADD9-451B-B853-816F05647909}.AppStore|Any CPU.Build.0 = Release|Any CPU
		{40AEC54C-ADD9-451B-B853-816F05647909}.AppStore|ARM.ActiveCfg = Release|Any CPU
		{40AEC54C-ADD9-451B-B853-816F05647909}.AppStore|iPhone.ActiveCfg = Release|Any CPU
		{40AEC54C-ADD9-451B-B853-816F05647909}.AppStore|iPhoneSimulator.ActiveCfg = Release|Any CPU
		{40AEC54C-ADD9-451B-B853-816F05647909}.AppStore|Mixed Platforms.ActiveCfg = Release|Any CPU
		{40AEC54C-ADD9-451B-B853-816F05647909}.AppStore|Mixed Platforms.Build.0 = Release|Any CPU
		{40AEC54C-ADD9-451B-B853-816F05647909}.AppStore|x64.ActiveCfg = Release|Any CPU
		{40AEC54C-ADD9-451B-B853-816F05647909}.AppStore|x86.ActiveCfg = Release|Any CPU
		{40AEC54C-ADD9-451B-B853-816F05647909}.Debug|Any CPU.ActiveCfg = Debug|Any CPU
		{40AEC54C-ADD9-451B-B853-816F05647909}.Debug|Any CPU.Build.0 = Debug|Any CPU
		{40AEC54C-ADD9-451B-B853-816F05647909}.Debug|ARM.ActiveCfg = Debug|Any CPU
		{40AEC54C-ADD9-451B-B853-816F05647909}.Debug|iPhone.ActiveCfg = Debug|Any CPU
		{40AEC54C-ADD9-451B-B853-816F05647909}.Debug|iPhoneSimulator.ActiveCfg = Debug|Any CPU
		{40AEC54C-ADD9-451B-B853-816F05647909}.Debug|Mixed Platforms.ActiveCfg = Debug|Any CPU
		{40AEC54C-ADD9-451B-B853-816F05647909}.Debug|Mixed Platforms.Build.0 = Debug|Any CPU
		{40AEC54C-ADD9-451B-B853-816F05647909}.Debug|x64.ActiveCfg = Debug|Any CPU
		{40AEC54C-ADD9-451B-B853-816F05647909}.Debug|x86.ActiveCfg = Debug|Any CPU
		{40AEC54C-ADD9-451B-B853-816F05647909}.Release|Any CPU.ActiveCfg = Release|Any CPU
		{40AEC54C-ADD9-451B-B853-816F05647909}.Release|Any CPU.Build.0 = Release|Any CPU
		{40AEC54C-ADD9-451B-B853-816F05647909}.Release|ARM.ActiveCfg = Release|Any CPU
		{40AEC54C-ADD9-451B-B853-816F05647909}.Release|iPhone.ActiveCfg = Release|Any CPU
		{40AEC54C-ADD9-451B-B853-816F05647909}.Release|iPhoneSimulator.ActiveCfg = Release|Any CPU
		{40AEC54C-ADD9-451B-B853-816F05647909}.Release|Mixed Platforms.ActiveCfg = Release|Any CPU
		{40AEC54C-ADD9-451B-B853-816F05647909}.Release|Mixed Platforms.Build.0 = Release|Any CPU
		{40AEC54C-ADD9-451B-B853-816F05647909}.Release|x64.ActiveCfg = Release|Any CPU
		{40AEC54C-ADD9-451B-B853-816F05647909}.Release|x86.ActiveCfg = Release|Any CPU
		{5455F34B-1E2F-40E8-A18F-C94AC5B9DB0D}.Ad-Hoc|Any CPU.ActiveCfg = Release|Any CPU
		{5455F34B-1E2F-40E8-A18F-C94AC5B9DB0D}.Ad-Hoc|Any CPU.Build.0 = Release|Any CPU
		{5455F34B-1E2F-40E8-A18F-C94AC5B9DB0D}.Ad-Hoc|ARM.ActiveCfg = Release|Any CPU
		{5455F34B-1E2F-40E8-A18F-C94AC5B9DB0D}.Ad-Hoc|iPhone.ActiveCfg = Release|Any CPU
		{5455F34B-1E2F-40E8-A18F-C94AC5B9DB0D}.Ad-Hoc|iPhoneSimulator.ActiveCfg = Release|Any CPU
		{5455F34B-1E2F-40E8-A18F-C94AC5B9DB0D}.Ad-Hoc|Mixed Platforms.ActiveCfg = Release|Any CPU
		{5455F34B-1E2F-40E8-A18F-C94AC5B9DB0D}.Ad-Hoc|Mixed Platforms.Build.0 = Release|Any CPU
		{5455F34B-1E2F-40E8-A18F-C94AC5B9DB0D}.Ad-Hoc|x64.ActiveCfg = Release|Any CPU
		{5455F34B-1E2F-40E8-A18F-C94AC5B9DB0D}.Ad-Hoc|x86.ActiveCfg = Release|Any CPU
		{5455F34B-1E2F-40E8-A18F-C94AC5B9DB0D}.AppStore|Any CPU.ActiveCfg = Release|Any CPU
		{5455F34B-1E2F-40E8-A18F-C94AC5B9DB0D}.AppStore|Any CPU.Build.0 = Release|Any CPU
		{5455F34B-1E2F-40E8-A18F-C94AC5B9DB0D}.AppStore|ARM.ActiveCfg = Release|Any CPU
		{5455F34B-1E2F-40E8-A18F-C94AC5B9DB0D}.AppStore|iPhone.ActiveCfg = Release|Any CPU
		{5455F34B-1E2F-40E8-A18F-C94AC5B9DB0D}.AppStore|iPhoneSimulator.ActiveCfg = Release|Any CPU
		{5455F34B-1E2F-40E8-A18F-C94AC5B9DB0D}.AppStore|Mixed Platforms.ActiveCfg = Release|Any CPU
		{5455F34B-1E2F-40E8-A18F-C94AC5B9DB0D}.AppStore|Mixed Platforms.Build.0 = Release|Any CPU
		{5455F34B-1E2F-40E8-A18F-C94AC5B9DB0D}.AppStore|x64.ActiveCfg = Release|Any CPU
		{5455F34B-1E2F-40E8-A18F-C94AC5B9DB0D}.AppStore|x86.ActiveCfg = Release|Any CPU
		{5455F34B-1E2F-40E8-A18F-C94AC5B9DB0D}.Debug|Any CPU.ActiveCfg = Debug|Any CPU
		{5455F34B-1E2F-40E8-A18F-C94AC5B9DB0D}.Debug|Any CPU.Build.0 = Debug|Any CPU
		{5455F34B-1E2F-40E8-A18F-C94AC5B9DB0D}.Debug|ARM.ActiveCfg = Debug|Any CPU
		{5455F34B-1E2F-40E8-A18F-C94AC5B9DB0D}.Debug|iPhone.ActiveCfg = Debug|Any CPU
		{5455F34B-1E2F-40E8-A18F-C94AC5B9DB0D}.Debug|iPhoneSimulator.ActiveCfg = Debug|Any CPU
		{5455F34B-1E2F-40E8-A18F-C94AC5B9DB0D}.Debug|Mixed Platforms.ActiveCfg = Debug|Any CPU
		{5455F34B-1E2F-40E8-A18F-C94AC5B9DB0D}.Debug|Mixed Platforms.Build.0 = Debug|Any CPU
		{5455F34B-1E2F-40E8-A18F-C94AC5B9DB0D}.Debug|x64.ActiveCfg = Debug|Any CPU
		{5455F34B-1E2F-40E8-A18F-C94AC5B9DB0D}.Debug|x86.ActiveCfg = Debug|Any CPU
		{5455F34B-1E2F-40E8-A18F-C94AC5B9DB0D}.Release|Any CPU.ActiveCfg = Release|Any CPU
		{5455F34B-1E2F-40E8-A18F-C94AC5B9DB0D}.Release|Any CPU.Build.0 = Release|Any CPU
		{5455F34B-1E2F-40E8-A18F-C94AC5B9DB0D}.Release|ARM.ActiveCfg = Release|Any CPU
		{5455F34B-1E2F-40E8-A18F-C94AC5B9DB0D}.Release|iPhone.ActiveCfg = Release|Any CPU
		{5455F34B-1E2F-40E8-A18F-C94AC5B9DB0D}.Release|iPhoneSimulator.ActiveCfg = Release|Any CPU
		{5455F34B-1E2F-40E8-A18F-C94AC5B9DB0D}.Release|Mixed Platforms.ActiveCfg = Release|Any CPU
		{5455F34B-1E2F-40E8-A18F-C94AC5B9DB0D}.Release|Mixed Platforms.Build.0 = Release|Any CPU
		{5455F34B-1E2F-40E8-A18F-C94AC5B9DB0D}.Release|x64.ActiveCfg = Release|Any CPU
		{5455F34B-1E2F-40E8-A18F-C94AC5B9DB0D}.Release|x86.ActiveCfg = Release|Any CPU
	EndGlobalSection
	GlobalSection(SolutionProperties) = preSolution
		HideSolutionNode = FALSE
	EndGlobalSection
EndGlobal
